// !$*UTF8*$!
{
	archiveVersion = 1;
	classes = {
	};
	objectVersion = 50;
	objects = {

/* Begin PBXBuildFile section */
		C009FACA213B6398004B7BBA /* AppDelegate.swift in Sources */ = {isa = PBXBuildFile; fileRef = C009FAC9213B6398004B7BBA /* AppDelegate.swift */; };
		C009FACC213B6398004B7BBA /* ViewController.swift in Sources */ = {isa = PBXBuildFile; fileRef = C009FACB213B6398004B7BBA /* ViewController.swift */; };
		C009FACF213B6398004B7BBA /* Main.storyboard in Resources */ = {isa = PBXBuildFile; fileRef = C009FACD213B6398004B7BBA /* Main.storyboard */; };
		C009FAD1213B6399004B7BBA /* Assets.xcassets in Resources */ = {isa = PBXBuildFile; fileRef = C009FAD0213B6399004B7BBA /* Assets.xcassets */; };
		C009FAD4213B6399004B7BBA /* LaunchScreen.storyboard in Resources */ = {isa = PBXBuildFile; fileRef = C009FAD2213B6399004B7BBA /* LaunchScreen.storyboard */; };
		C00DD04B213CB65300BED087 /* Employee.swift in Sources */ = {isa = PBXBuildFile; fileRef = C00DD04A213CB65300BED087 /* Employee.swift */; };
		C02773EA213C93E4003E8511 /* Entrant.swift in Sources */ = {isa = PBXBuildFile; fileRef = C02773E9213C93E4003E8511 /* Entrant.swift */; };
		C02773EC213C9A78003E8511 /* EntrantInformation.swift in Sources */ = {isa = PBXBuildFile; fileRef = C02773EB213C9A78003E8511 /* EntrantInformation.swift */; };
		C0B7F828213CBB25000D8263 /* Guest.swift in Sources */ = {isa = PBXBuildFile; fileRef = C0B7F827213CBB25000D8263 /* Guest.swift */; };
		C0B7F82A213CBB5C000D8263 /* Vendor.swift in Sources */ = {isa = PBXBuildFile; fileRef = C0B7F829213CBB5C000D8263 /* Vendor.swift */; };
		C0B7F82C213CBF56000D8263 /* Pass.swift in Sources */ = {isa = PBXBuildFile; fileRef = C0B7F82B213CBF56000D8263 /* Pass.swift */; };
/* End PBXBuildFile section */

/* Begin PBXFileReference section */
		C009FAC6213B6398004B7BBA /* AmusementParkPassGenerator.app */ = {isa = PBXFileReference; explicitFileType = wrapper.application; includeInIndex = 0; path = AmusementParkPassGenerator.app; sourceTree = BUILT_PRODUCTS_DIR; };
		C009FAC9213B6398004B7BBA /* AppDelegate.swift */ = {isa = PBXFileReference; lastKnownFileType = sourcecode.swift; path = AppDelegate.swift; sourceTree = "<group>"; };
		C009FACB213B6398004B7BBA /* ViewController.swift */ = {isa = PBXFileReference; lastKnownFileType = sourcecode.swift; path = ViewController.swift; sourceTree = "<group>"; };
		C009FACE213B6398004B7BBA /* Base */ = {isa = PBXFileReference; lastKnownFileType = file.storyboard; name = Base; path = Base.lproj/Main.storyboard; sourceTree = "<group>"; };
		C009FAD0213B6399004B7BBA /* Assets.xcassets */ = {isa = PBXFileReference; lastKnownFileType = folder.assetcatalog; path = Assets.xcassets; sourceTree = "<group>"; };
		C009FAD3213B6399004B7BBA /* Base */ = {isa = PBXFileReference; lastKnownFileType = file.storyboard; name = Base; path = Base.lproj/LaunchScreen.storyboard; sourceTree = "<group>"; };
		C009FAD5213B6399004B7BBA /* Info.plist */ = {isa = PBXFileReference; lastKnownFileType = text.plist.xml; path = Info.plist; sourceTree = "<group>"; };
		C00DD04A213CB65300BED087 /* Employee.swift */ = {isa = PBXFileReference; lastKnownFileType = sourcecode.swift; path = Employee.swift; sourceTree = "<group>"; };
		C02773E9213C93E4003E8511 /* Entrant.swift */ = {isa = PBXFileReference; lastKnownFileType = sourcecode.swift; path = Entrant.swift; sourceTree = "<group>"; };
		C02773EB213C9A78003E8511 /* EntrantInformation.swift */ = {isa = PBXFileReference; lastKnownFileType = sourcecode.swift; path = EntrantInformation.swift; sourceTree = "<group>"; };
		C0B7F827213CBB25000D8263 /* Guest.swift */ = {isa = PBXFileReference; lastKnownFileType = sourcecode.swift; path = Guest.swift; sourceTree = "<group>"; };
		C0B7F829213CBB5C000D8263 /* Vendor.swift */ = {isa = PBXFileReference; lastKnownFileType = sourcecode.swift; path = Vendor.swift; sourceTree = "<group>"; };
		C0B7F82B213CBF56000D8263 /* Pass.swift */ = {isa = PBXFileReference; lastKnownFileType = sourcecode.swift; path = Pass.swift; sourceTree = "<group>"; };
/* End PBXFileReference section */

/* Begin PBXFrameworksBuildPhase section */
		C009FAC3213B6398004B7BBA /* Frameworks */ = {
			isa = PBXFrameworksBuildPhase;
			buildActionMask = 2147483647;
			files = (
			);
			runOnlyForDeploymentPostprocessing = 0;
		};
/* End PBXFrameworksBuildPhase section */

/* Begin PBXGroup section */
		C009FABD213B6398004B7BBA = {
			isa = PBXGroup;
			children = (
				C009FAC8213B6398004B7BBA /* AmusementParkPassGenerator */,
				C009FAC7213B6398004B7BBA /* Products */,
			);
			sourceTree = "<group>";
		};
		C009FAC7213B6398004B7BBA /* Products */ = {
			isa = PBXGroup;
			children = (
				C009FAC6213B6398004B7BBA /* AmusementParkPassGenerator.app */,
			);
			name = Products;
			sourceTree = "<group>";
		};
		C009FAC8213B6398004B7BBA /* AmusementParkPassGenerator */ = {
			isa = PBXGroup;
			children = (
				C009FAC9213B6398004B7BBA /* AppDelegate.swift */,
				C009FACB213B6398004B7BBA /* ViewController.swift */,
				C02773E9213C93E4003E8511 /* Entrant.swift */,
				C00DD04A213CB65300BED087 /* Employee.swift */,
				C0B7F827213CBB25000D8263 /* Guest.swift */,
				C0B7F829213CBB5C000D8263 /* Vendor.swift */,
				C0B7F82B213CBF56000D8263 /* Pass.swift */,
				C02773EB213C9A78003E8511 /* EntrantInformation.swift */,
				C009FACD213B6398004B7BBA /* Main.storyboard */,
				C009FAD0213B6399004B7BBA /* Assets.xcassets */,
				C009FAD2213B6399004B7BBA /* LaunchScreen.storyboard */,
				C009FAD5213B6399004B7BBA /* Info.plist */,
			);
			path = AmusementParkPassGenerator;
			sourceTree = "<group>";
		};
/* End PBXGroup section */

/* Begin PBXNativeTarget section */
		C009FAC5213B6398004B7BBA /* AmusementParkPassGenerator */ = {
			isa = PBXNativeTarget;
			buildConfigurationList = C009FAD8213B6399004B7BBA /* Build configuration list for PBXNativeTarget "AmusementParkPassGenerator" */;
			buildPhases = (
				C009FAC2213B6398004B7BBA /* Sources */,
				C009FAC3213B6398004B7BBA /* Frameworks */,
				C009FAC4213B6398004B7BBA /* Resources */,
			);
			buildRules = (
			);
			dependencies = (
			);
			name = AmusementParkPassGenerator;
			productName = AmusementParkPassGenerator;
			productReference = C009FAC6213B6398004B7BBA /* AmusementParkPassGenerator.app */;
			productType = "com.apple.product-type.application";
		};
/* End PBXNativeTarget section */

/* Begin PBXProject section */
		C009FABE213B6398004B7BBA /* Project object */ = {
			isa = PBXProject;
			attributes = {
				LastSwiftUpdateCheck = 0940;
				LastUpgradeCheck = 0940;
				ORGANIZATIONNAME = "David Oliveira";
				TargetAttributes = {
					C009FAC5213B6398004B7BBA = {
						CreatedOnToolsVersion = 9.4.1;
					};
				};
			};
			buildConfigurationList = C009FAC1213B6398004B7BBA /* Build configuration list for PBXProject "AmusementParkPassGenerator" */;
			compatibilityVersion = "Xcode 9.3";
			developmentRegion = en;
			hasScannedForEncodings = 0;
			knownRegions = (
				en,
				Base,
			);
			mainGroup = C009FABD213B6398004B7BBA;
			productRefGroup = C009FAC7213B6398004B7BBA /* Products */;
			projectDirPath = "";
			projectRoot = "";
			targets = (
				C009FAC5213B6398004B7BBA /* AmusementParkPassGenerator */,
			);
		};
/* End PBXProject section */

/* Begin PBXResourcesBuildPhase section */
		C009FAC4213B6398004B7BBA /* Resources */ = {
			isa = PBXResourcesBuildPhase;
			buildActionMask = 2147483647;
			files = (
				C009FAD4213B6399004B7BBA /* LaunchScreen.storyboard in Resources */,
				C009FAD1213B6399004B7BBA /* Assets.xcassets in Resources */,
				C009FACF213B6398004B7BBA /* Main.storyboard in Resources */,
			);
			runOnlyForDeploymentPostprocessing = 0;
		};
/* End PBXResourcesBuildPhase section */

/* Begin PBXSourcesBuildPhase section */
		C009FAC2213B6398004B7BBA /* Sources */ = {
			isa = PBXSourcesBuildPhase;
			buildActionMask = 2147483647;
			files = (
				C02773EA213C93E4003E8511 /* Entrant.swift in Sources */,
				C0B7F82A213CBB5C000D8263 /* Vendor.swift in Sources */,
				C009FACC213B6398004B7BBA /* ViewController.swift in Sources */,
				C0B7F828213CBB25000D8263 /* Guest.swift in Sources */,
				C0B7F82C213CBF56000D8263 /* Pass.swift in Sources */,
				C02773EC213C9A78003E8511 /* EntrantInformation.swift in Sources */,
				C00DD04B213CB65300BED087 /* Employee.swift in Sources */,
				C009FACA213B6398004B7BBA /* AppDelegate.swift in Sources */,
			);
			runOnlyForDeploymentPostprocessing = 0;
		};
/* End PBXSourcesBuildPhase section */

/* Begin PBXVariantGroup section */
		C009FACD213B6398004B7BBA /* Main.storyboard */ = {
			isa = PBXVariantGroup;
			children = (
				C009FACE213B6398004B7BBA /* Base */,
			);
			name = Main.storyboard;
			sourceTree = "<group>";
		};
		C009FAD2213B6399004B7BBA /* LaunchScreen.storyboard */ = {
			isa = PBXVariantGroup;
			children = (
				C009FAD3213B6399004B7BBA /* Base */,
			);
			name = LaunchScreen.storyboard;
			sourceTree = "<group>";
		};
/* End PBXVariantGroup section */

/* Begin XCBuildConfiguration section */
		C009FAD6213B6399004B7BBA /* Debug */ = {
			isa = XCBuildConfiguration;
			buildSettings = {
				ALWAYS_SEARCH_USER_PATHS = NO;
				CLANG_ANALYZER_NONNULL = YES;
				CLANG_ANALYZER_NUMBER_OBJECT_CONVERSION = YES_AGGRESSIVE;
				CLANG_CXX_LANGUAGE_STANDARD = "gnu++14";
				CLANG_CXX_LIBRARY = "libc++";
				CLANG_ENABLE_MODULES = YES;
				CLANG_ENABLE_OBJC_ARC = YES;
				CLANG_ENABLE_OBJC_WEAK = YES;
				CLANG_WARN_BLOCK_CAPTURE_AUTORELEASING = YES;
				CLANG_WARN_BOOL_CONVERSION = YES;
				CLANG_WARN_COMMA = YES;
				CLANG_WARN_CONSTANT_CONVERSION = YES;
				CLANG_WARN_DEPRECATED_OBJC_IMPLEMENTATIONS = YES;
				CLANG_WARN_DIRECT_OBJC_ISA_USAGE = YES_ERROR;
				CLANG_WARN_DOCUMENTATION_COMMENTS = YES;
				CLANG_WARN_EMPTY_BODY = YES;
				CLANG_WARN_ENUM_CONVERSION = YES;
				CLANG_WARN_INFINITE_RECURSION = YES;
				CLANG_WARN_INT_CONVERSION = YES;
				CLANG_WARN_NON_LITERAL_NULL_CONVERSION = YES;
				CLANG_WARN_OBJC_IMPLICIT_RETAIN_SELF = YES;
				CLANG_WARN_OBJC_LITERAL_CONVERSION = YES;
				CLANG_WARN_OBJC_ROOT_CLASS = YES_ERROR;
				CLANG_WARN_RANGE_LOOP_ANALYSIS = YES;
				CLANG_WARN_STRICT_PROTOTYPES = YES;
				CLANG_WARN_SUSPICIOUS_MOVE = YES;
				CLANG_WARN_UNGUARDED_AVAILABILITY = YES_AGGRESSIVE;
				CLANG_WARN_UNREACHABLE_CODE = YES;
				CLANG_WARN__DUPLICATE_METHOD_MATCH = YES;
				CODE_SIGN_IDENTITY = "iPhone Developer";
				COPY_PHASE_STRIP = NO;
				DEBUG_INFORMATION_FORMAT = dwarf;
				ENABLE_STRICT_OBJC_MSGSEND = YES;
				ENABLE_TESTABILITY = YES;
				GCC_C_LANGUAGE_STANDARD = gnu11;
				GCC_DYNAMIC_NO_PIC = NO;
				GCC_NO_COMMON_BLOCKS = YES;
				GCC_OPTIMIZATION_LEVEL = 0;
				GCC_PREPROCESSOR_DEFINITIONS = (
					"DEBUG=1",
					"$(inherited)",
				);
				GCC_WARN_64_TO_32_BIT_CONVERSION = YES;
				GCC_WARN_ABOUT_RETURN_TYPE = YES_ERROR;
				GCC_WARN_UNDECLARED_SELECTOR = YES;
				GCC_WARN_UNINITIALIZED_AUTOS = YES_AGGRESSIVE;
				GCC_WARN_UNUSED_FUNCTION = YES;
				GCC_WARN_UNUSED_VARIABLE = YES;
				IPHONEOS_DEPLOYMENT_TARGET = 11.4;
				MTL_ENABLE_DEBUG_INFO = YES;
				ONLY_ACTIVE_ARCH = YES;
				SDKROOT = iphoneos;
				SWIFT_ACTIVE_COMPILATION_CONDITIONS = DEBUG;
				SWIFT_OPTIMIZATION_LEVEL = "-Onone";
			};
			name = Debug;
		};
		C009FAD7213B6399004B7BBA /* Release */ = {
			isa = XCBuildConfiguration;
			buildSettings = {
				ALWAYS_SEARCH_USER_PATHS = NO;
				CLANG_ANALYZER_NONNULL = YES;
				CLANG_ANALYZER_NUMBER_OBJECT_CONVERSION = YES_AGGRESSIVE;
				CLANG_CXX_LANGUAGE_STANDARD = "gnu++14";
				CLANG_CXX_LIBRARY = "libc++";
				CLANG_ENABLE_MODULES = YES;
				CLANG_ENABLE_OBJC_ARC = YES;
				CLANG_ENABLE_OBJC_WEAK = YES;
				CLANG_WARN_BLOCK_CAPTURE_AUTORELEASING = YES;
				CLANG_WARN_BOOL_CONVERSION = YES;
				CLANG_WARN_COMMA = YES;
				CLANG_WARN_CONSTANT_CONVERSION = YES;
				CLANG_WARN_DEPRECATED_OBJC_IMPLEMENTATIONS = YES;
				CLANG_WARN_DIRECT_OBJC_ISA_USAGE = YES_ERROR;
				CLANG_WARN_DOCUMENTATION_COMMENTS = YES;
				CLANG_WARN_EMPTY_BODY = YES;
				CLANG_WARN_ENUM_CONVERSION = YES;
				CLANG_WARN_INFINITE_RECURSION = YES;
				CLANG_WARN_INT_CONVERSION = YES;
				CLANG_WARN_NON_LITERAL_NULL_CONVERSION = YES;
				CLANG_WARN_OBJC_IMPLICIT_RETAIN_SELF = YES;
				CLANG_WARN_OBJC_LITERAL_CONVERSION = YES;
				CLANG_WARN_OBJC_ROOT_CLASS = YES_ERROR;
				CLANG_WARN_RANGE_LOOP_ANALYSIS = YES;
				CLANG_WARN_STRICT_PROTOTYPES = YES;
				CLANG_WARN_SUSPICIOUS_MOVE = YES;
				CLANG_WARN_UNGUARDED_AVAILABILITY = YES_AGGRESSIVE;
				CLANG_WARN_UNREACHABLE_CODE = YES;
				CLANG_WARN__DUPLICATE_METHOD_MATCH = YES;
				CODE_SIGN_IDENTITY = "iPhone Developer";
				COPY_PHASE_STRIP = NO;
				DEBUG_INFORMATION_FORMAT = "dwarf-with-dsym";
				ENABLE_NS_ASSERTIONS = NO;
				ENABLE_STRICT_OBJC_MSGSEND = YES;
				GCC_C_LANGUAGE_STANDARD = gnu11;
				GCC_NO_COMMON_BLOCKS = YES;
				GCC_WARN_64_TO_32_BIT_CONVERSION = YES;
				GCC_WARN_ABOUT_RETURN_TYPE = YES_ERROR;
				GCC_WARN_UNDECLARED_SELECTOR = YES;
				GCC_WARN_UNINITIALIZED_AUTOS = YES_AGGRESSIVE;
				GCC_WARN_UNUSED_FUNCTION = YES;
				GCC_WARN_UNUSED_VARIABLE = YES;
				IPHONEOS_DEPLOYMENT_TARGET = 11.4;
				MTL_ENABLE_DEBUG_INFO = NO;
				SDKROOT = iphoneos;
				SWIFT_COMPILATION_MODE = wholemodule;
				SWIFT_OPTIMIZATION_LEVEL = "-O";
				VALIDATE_PRODUCT = YES;
			};
			name = Release;
		};
		C009FAD9213B6399004B7BBA /* Debug */ = {
			isa = XCBuildConfiguration;
			buildSettings = {
				ASSETCATALOG_COMPILER_APPICON_NAME = AppIcon;
				CODE_SIGN_STYLE = Automatic;
				DEVELOPMENT_TEAM = H7UX3383T3;
				INFOPLIST_FILE = AmusementParkPassGenerator/Info.plist;
				LD_RUNPATH_SEARCH_PATHS = (
					"$(inherited)",
					"@executable_path/Frameworks",
				);
				PRODUCT_BUNDLE_IDENTIFIER = Daveo.AmusementParkPassGenerator;
				PRODUCT_NAME = "$(TARGET_NAME)";
				SWIFT_VERSION = 4.0;
				TARGETED_DEVICE_FAMILY = "1,2";
			};
			name = Debug;
		};
		C009FADA213B6399004B7BBA /* Release */ = {
			isa = XCBuildConfiguration;
			buildSettings = {
				ASSETCATALOG_COMPILER_APPICON_NAME = AppIcon;
				CODE_SIGN_STYLE = Automatic;
				DEVELOPMENT_TEAM = H7UX3383T3;
				INFOPLIST_FILE = AmusementParkPassGenerator/Info.plist;
				LD_RUNPATH_SEARCH_PATHS = (
					"$(inherited)",
					"@executable_path/Frameworks",
				);
				PRODUCT_BUNDLE_IDENTIFIER = Daveo.AmusementParkPassGenerator;
				PRODUCT_NAME = "$(TARGET_NAME)";
				SWIFT_VERSION = 4.0;
				TARGETED_DEVICE_FAMILY = "1,2";
			};
			name = Release;
		};
/* End XCBuildConfiguration section */

/* Begin XCConfigurationList section */
		C009FAC1213B6398004B7BBA /* Build configuration list for PBXProject "AmusementParkPassGenerator" */ = {
			isa = XCConfigurationList;
			buildConfigurations = (
				C009FAD6213B6399004B7BBA /* Debug */,
				C009FAD7213B6399004B7BBA /* Release */,
			);
			defaultConfigurationIsVisible = 0;
			defaultConfigurationName = Release;
		};
		C009FAD8213B6399004B7BBA /* Build configuration list for PBXNativeTarget "AmusementParkPassGenerator" */ = {
			isa = XCConfigurationList;
			buildConfigurations = (
				C009FAD9213B6399004B7BBA /* Debug */,
				C009FADA213B6399004B7BBA /* Release */,
			);
			defaultConfigurationIsVisible = 0;
			defaultConfigurationName = Release;
		};
/* End XCConfigurationList section */
	};
	rootObject = C009FABE213B6398004B7BBA /* Project object */;
}
